
Microsoft Visual Studio Solution File, Format Version 12.00
# Visual Studio 15
VisualStudioVersion = 15.0.27703.2047
MinimumVisualStudioVersion = 10.0.40219.1
Project("{FAE04EC0-301F-11D3-BF4B-00C04F79EFBC}") = "Phoneword.Android", "Phoneword\Phoneword.Android\Phoneword.Android.csproj", "{6631146F-0A28-4A4C-B46D-C73FD842EFE4}"
EndProject
Project("{FAE04EC0-301F-11D3-BF4B-00C04F79EFBC}") = "Phoneword.iOS", "Phoneword\Phoneword.iOS\Phoneword.iOS.csproj", "{54E0C5CD-98CA-4304-BC6B-9EB7D7BE77DE}"
EndProject
Project("{FAE04EC0-301F-11D3-BF4B-00C04F79EFBC}") = "Phoneword", "Phoneword\Phoneword\Phoneword.csproj", "{13CF2FC1-7B97-4B92-80AB-CE8AA963EC3A}"
EndProject
Global
	GlobalSection(SolutionConfigurationPlatforms) = preSolution
		Ad-Hoc|Any CPU = Ad-Hoc|Any CPU
		Ad-Hoc|iPhone = Ad-Hoc|iPhone
		Ad-Hoc|iPhoneSimulator = Ad-Hoc|iPhoneSimulator
		AppStore|Any CPU = AppStore|Any CPU
		AppStore|iPhone = AppStore|iPhone
		AppStore|iPhoneSimulator = AppStore|iPhoneSimulator
		Debug|Any CPU = Debug|Any CPU
		Debug|iPhone = Debug|iPhone
		Debug|iPhoneSimulator = Debug|iPhoneSimulator
		Release|Any CPU = Release|Any CPU
		Release|iPhone = Release|iPhone
		Release|iPhoneSimulator = Release|iPhoneSimulator
	EndGlobalSection
	GlobalSection(ProjectConfigurationPlatforms) = postSolution
		{6631146F-0A28-4A4C-B46D-C73FD842EFE4}.Ad-Hoc|Any CPU.ActiveCfg = Release|Any CPU
		{6631146F-0A28-4A4C-B46D-C73FD842EFE4}.Ad-Hoc|Any CPU.Build.0 = Release|Any CPU
		{6631146F-0A28-4A4C-B46D-C73FD842EFE4}.Ad-Hoc|Any CPU.Deploy.0 = Release|Any CPU
		{6631146F-0A28-4A4C-B46D-C73FD842EFE4}.Ad-Hoc|iPhone.ActiveCfg = Release|Any CPU
		{6631146F-0A28-4A4C-B46D-C73FD842EFE4}.Ad-Hoc|iPhone.Build.0 = Release|Any CPU
		{6631146F-0A28-4A4C-B46D-C73FD842EFE4}.Ad-Hoc|iPhone.Deploy.0 = Release|Any CPU
		{6631146F-0A28-4A4C-B46D-C73FD842EFE4}.Ad-Hoc|iPhoneSimulator.ActiveCfg = Release|Any CPU
		{6631146F-0A28-4A4C-B46D-C73FD842EFE4}.Ad-Hoc|iPhoneSimulator.Build.0 = Release|Any CPU
		{6631146F-0A28-4A4C-B46D-C73FD842EFE4}.Ad-Hoc|iPhoneSimulator.Deploy.0 = Release|Any CPU
		{6631146F-0A28-4A4C-B46D-C73FD842EFE4}.AppStore|Any CPU.ActiveCfg = Release|Any CPU
		{6631146F-0A28-4A4C-B46D-C73FD842EFE4}.AppStore|Any CPU.Build.0 = Release|Any CPU
		{6631146F-0A28-4A4C-B46D-C73FD842EFE4}.AppStore|Any CPU.Deploy.0 = Release|Any CPU
		{6631146F-0A28-4A4C-B46D-C73FD842EFE4}.AppStore|iPhone.ActiveCfg = Release|Any CPU
		{6631146F-0A28-4A4C-B46D-C73FD842EFE4}.AppStore|iPhone.Build.0 = Release|Any CPU
		{6631146F-0A28-4A4C-B46D-C73FD842EFE4}.AppStore|iPhone.Deploy.0 = Release|Any CPU
		{6631146F-0A28-4A4C-B46D-C73FD842EFE4}.AppStore|iPhoneSimulator.ActiveCfg = Release|Any CPU
		{6631146F-0A28-4A4C-B46D-C73FD842EFE4}.AppStore|iPhoneSimulator.Build.0 = Release|Any CPU
		{6631146F-0A28-4A4C-B46D-C73FD842EFE4}.AppStore|iPhoneSimulator.Deploy.0 = Release|Any CPU
		{6631146F-0A28-4A4C-B46D-C73FD842EFE4}.Debug|Any CPU.ActiveCfg = Debug|Any CPU
		{6631146F-0A28-4A4C-B46D-C73FD842EFE4}.Debug|Any CPU.Build.0 = Debug|Any CPU
		{6631146F-0A28-4A4C-B46D-C73FD842EFE4}.Debug|Any CPU.Deploy.0 = Debug|Any CPU
		{6631146F-0A28-4A4C-B46D-C73FD842EFE4}.Debug|iPhone.ActiveCfg = Debug|Any CPU
		{6631146F-0A28-4A4C-B46D-C73FD842EFE4}.Debug|iPhone.Build.0 = Debug|Any CPU
		{6631146F-0A28-4A4C-B46D-C73FD842EFE4}.Debug|iPhone.Deploy.0 = Debug|Any CPU
		{6631146F-0A28-4A4C-B46D-C73FD842EFE4}.Debug|iPhoneSimulator.ActiveCfg = Debug|Any CPU
		{6631146F-0A28-4A4C-B46D-C73FD842EFE4}.Debug|iPhoneSimulator.Build.0 = Debug|Any CPU
		{6631146F-0A28-4A4C-B46D-C73FD842EFE4}.Debug|iPhoneSimulator.Deploy.0 = Debug|Any CPU
		{6631146F-0A28-4A4C-B46D-C73FD842EFE4}.Release|Any CPU.ActiveCfg = Release|Any CPU
		{6631146F-0A28-4A4C-B46D-C73FD842EFE4}.Release|Any CPU.Build.0 = Release|Any CPU
		{6631146F-0A28-4A4C-B46D-C73FD842EFE4}.Release|Any CPU.Deploy.0 = Release|Any CPU
		{6631146F-0A28-4A4C-B46D-C73FD842EFE4}.Release|iPhone.ActiveCfg = Release|Any CPU
		{6631146F-0A28-4A4C-B46D-C73FD842EFE4}.Release|iPhone.Build.0 = Release|Any CPU
		{6631146F-0A28-4A4C-B46D-C73FD842EFE4}.Release|iPhone.Deploy.0 = Release|Any CPU
		{6631146F-0A28-4A4C-B46D-C73FD842EFE4}.Release|iPhoneSimulator.ActiveCfg = Release|Any CPU
		{6631146F-0A28-4A4C-B46D-C73FD842EFE4}.Release|iPhoneSimulator.Build.0 = Release|Any CPU
		{6631146F-0A28-4A4C-B46D-C73FD842EFE4}.Release|iPhoneSimulator.Deploy.0 = Release|Any CPU
		{54E0C5CD-98CA-4304-BC6B-9EB7D7BE77DE}.Ad-Hoc|Any CPU.ActiveCfg = Ad-Hoc|iPhone
		{54E0C5CD-98CA-4304-BC6B-9EB7D7BE77DE}.Ad-Hoc|Any CPU.Build.0 = Ad-Hoc|iPhone
		{54E0C5CD-98CA-4304-BC6B-9EB7D7BE77DE}.Ad-Hoc|Any CPU.Deploy.0 = Ad-Hoc|iPhone
		{54E0C5CD-98CA-4304-BC6B-9EB7D7BE77DE}.Ad-Hoc|iPhone.ActiveCfg = Ad-Hoc|iPhone
		{54E0C5CD-98CA-4304-BC6B-9EB7D7BE77DE}.Ad-Hoc|iPhone.Build.0 = Ad-Hoc|iPhone
		{54E0C5CD-98CA-4304-BC6B-9EB7D7BE77DE}.Ad-Hoc|iPhone.Deploy.0 = Ad-Hoc|iPhone
		{54E0C5CD-98CA-4304-BC6B-9EB7D7BE77DE}.Ad-Hoc|iPhoneSimulator.ActiveCfg = Ad-Hoc|iPhoneSimulator
		{54E0C5CD-98CA-4304-BC6B-9EB7D7BE77DE}.Ad-Hoc|iPhoneSimulator.Build.0 = Ad-Hoc|iPhoneSimulator
		{54E0C5CD-98CA-4304-BC6B-9EB7D7BE77DE}.Ad-Hoc|iPhoneSimulator.Deploy.0 = Ad-Hoc|iPhoneSimulator
		{54E0C5CD-98CA-4304-BC6B-9EB7D7BE77DE}.AppStore|Any CPU.ActiveCfg = AppStore|iPhone
		{54E0C5CD-98CA-4304-BC6B-9EB7D7BE77DE}.AppStore|Any CPU.Build.0 = AppStore|iPhone
		{54E0C5CD-98CA-4304-BC6B-9EB7D7BE77DE}.AppStore|Any CPU.Deploy.0 = AppStore|iPhone
		{54E0C5CD-98CA-4304-BC6B-9EB7D7BE77DE}.AppStore|iPhone.ActiveCfg = AppStore|iPhone
		{54E0C5CD-98CA-4304-BC6B-9EB7D7BE77DE}.AppStore|iPhone.Build.0 = AppStore|iPhone
		{54E0C5CD-98CA-4304-BC6B-9EB7D7BE77DE}.AppStore|iPhone.Deploy.0 = AppStore|iPhone
		{54E0C5CD-98CA-4304-BC6B-9EB7D7BE77DE}.AppStore|iPhoneSimulator.ActiveCfg = AppStore|iPhoneSimulator
		{54E0C5CD-98CA-4304-BC6B-9EB7D7BE77DE}.AppStore|iPhoneSimulator.Build.0 = AppStore|iPhoneSimulator
		{54E0C5CD-98CA-4304-BC6B-9EB7D7BE77DE}.AppStore|iPhoneSimulator.Deploy.0 = AppStore|iPhoneSimulator
		{54E0C5CD-98CA-4304-BC6B-9EB7D7BE77DE}.Debug|Any CPU.ActiveCfg = Debug|iPhoneSimulator
		{54E0C5CD-98CA-4304-BC6B-9EB7D7BE77DE}.Debug|Any CPU.Build.0 = Debug|iPhoneSimulator
		{54E0C5CD-98CA-4304-BC6B-9EB7D7BE77DE}.Debug|Any CPU.Deploy.0 = Debug|iPhoneSimulator
		{54E0C5CD-98CA-4304-BC6B-9EB7D7BE77DE}.Debug|iPhone.ActiveCfg = Debug|iPhone
		{54E0C5CD-98CA-4304-BC6B-9EB7D7BE77DE}.Debug|iPhone.Build.0 = Debug|iPhone
		{54E0C5CD-98CA-4304-BC6B-9EB7D7BE77DE}.Debug|iPhone.Deploy.0 = Debug|iPhone
		{54E0C5CD-98CA-4304-BC6B-9EB7D7BE77DE}.Debug|iPhoneSimulator.ActiveCfg = Debug|iPhoneSimulator
		{54E0C5CD-98CA-4304-BC6B-9EB7D7BE77DE}.Debug|iPhoneSimulator.Build.0 = Debug|iPhoneSimulator
		{54E0C5CD-98CA-4304-BC6B-9EB7D7BE77DE}.Debug|iPhoneSimulator.Deploy.0 = Debug|iPhoneSimulator
		{54E0C5CD-98CA-4304-BC6B-9EB7D7BE77DE}.Release|Any CPU.ActiveCfg = Release|iPhone
		{54E0C5CD-98CA-4304-BC6B-9EB7D7BE77DE}.Release|Any CPU.Build.0 = Release|iPhone
		{54E0C5CD-98CA-4304-BC6B-9EB7D7BE77DE}.Release|Any CPU.Deploy.0 = Release|iPhone
		{54E0C5CD-98CA-4304-BC6B-9EB7D7BE77DE}.Release|iPhone.ActiveCfg = Release|iPhone
		{54E0C5CD-98CA-4304-BC6B-9EB7D7BE77DE}.Release|iPhone.Build.0 = Release|iPhone
		{54E0C5CD-98CA-4304-BC6B-9EB7D7BE77DE}.Release|iPhone.Deploy.0 = Release|iPhone
		{54E0C5CD-98CA-4304-BC6B-9EB7D7BE77DE}.Release|iPhoneSimulator.ActiveCfg = Release|iPhoneSimulator
		{54E0C5CD-98CA-4304-BC6B-9EB7D7BE77DE}.Release|iPhoneSimulator.Build.0 = Release|iPhoneSimulator
		{54E0C5CD-98CA-4304-BC6B-9EB7D7BE77DE}.Release|iPhoneSimulator.Deploy.0 = Release|iPhoneSimulator
		{13CF2FC1-7B97-4B92-80AB-CE8AA963EC3A}.Ad-Hoc|Any CPU.ActiveCfg = Debug|Any CPU
		{13CF2FC1-7B97-4B92-80AB-CE8AA963EC3A}.Ad-Hoc|Any CPU.Build.0 = Debug|Any CPU
		{13CF2FC1-7B97-4B92-80AB-CE8AA963EC3A}.Ad-Hoc|Any CPU.Deploy.0 = Debug|Any CPU
		{13CF2FC1-7B97-4B92-80AB-CE8AA963EC3A}.Ad-Hoc|iPhone.ActiveCfg = Debug|Any CPU
		{13CF2FC1-7B97-4B92-80AB-CE8AA963EC3A}.Ad-Hoc|iPhone.Build.0 = Debug|Any CPU
		{13CF2FC1-7B97-4B92-80AB-CE8AA963EC3A}.Ad-Hoc|iPhone.Deploy.0 = Debug|Any CPU
		{13CF2FC1-7B97-4B92-80AB-CE8AA963EC3A}.Ad-Hoc|iPhoneSimulator.ActiveCfg = Debug|Any CPU
		{13CF2FC1-7B97-4B92-80AB-CE8AA963EC3A}.Ad-Hoc|iPhoneSimulator.Build.0 = Debug|Any CPU
		{13CF2FC1-7B97-4B92-80AB-CE8AA963EC3A}.Ad-Hoc|iPhoneSimulator.Deploy.0 = Debug|Any CPU
		{13CF2FC1-7B97-4B92-80AB-CE8AA963EC3A}.AppStore|Any CPU.ActiveCfg = Debug|Any CPU
		{13CF2FC1-7B97-4B92-80AB-CE8AA963EC3A}.AppStore|Any CPU.Build.0 = Debug|Any CPU
		{13CF2FC1-7B97-4B92-80AB-CE8AA963EC3A}.AppStore|Any CPU.Deploy.0 = Debug|Any CPU
		{13CF2FC1-7B97-4B92-80AB-CE8AA963EC3A}.AppStore|iPhone.ActiveCfg = Debug|Any CPU
		{13CF2FC1-7B97-4B92-80AB-CE8AA963EC3A}.AppStore|iPhone.Build.0 = Debug|Any CPU
		{13CF2FC1-7B97-4B92-80AB-CE8AA963EC3A}.AppStore|iPhone.Deploy.0 = Debug|Any CPU
		{13CF2FC1-7B97-4B92-80AB-CE8AA963EC3A}.AppStore|iPhoneSimulator.ActiveCfg = Debug|Any CPU
		{13CF2FC1-7B97-4B92-80AB-CE8AA963EC3A}.AppStore|iPhoneSimulator.Build.0 = Debug|Any CPU
		{13CF2FC1-7B97-4B92-80AB-CE8AA963EC3A}.AppStore|iPhoneSimulator.Deploy.0 = Debug|Any CPU
		{13CF2FC1-7B97-4B92-80AB-CE8AA963EC3A}.Debug|Any CPU.ActiveCfg = Debug|Any CPU
		{13CF2FC1-7B97-4B92-80AB-CE8AA963EC3A}.Debug|Any CPU.Build.0 = Debug|Any CPU
		{13CF2FC1-7B97-4B92-80AB-CE8AA963EC3A}.Debug|Any CPU.Deploy.0 = Debug|Any CPU
		{13CF2FC1-7B97-4B92-80AB-CE8AA963EC3A}.Debug|iPhone.ActiveCfg = Debug|Any CPU
		{13CF2FC1-7B97-4B92-80AB-CE8AA963EC3A}.Debug|iPhone.Build.0 = Debug|Any CPU
		{13CF2FC1-7B97-4B92-80AB-CE8AA963EC3A}.Debug|iPhone.Deploy.0 = Debug|Any CPU
		{13CF2FC1-7B97-4B92-80AB-CE8AA963EC3A}.Debug|iPhoneSimulator.ActiveCfg = Debug|Any CPU
		{13CF2FC1-7B97-4B92-80AB-CE8AA963EC3A}.Debug|iPhoneSimulator.Build.0 = Debug|Any CPU
		{13CF2FC1-7B97-4B92-80AB-CE8AA963EC3A}.Debug|iPhoneSimulator.Deploy.0 = Debug|Any CPU
		{13CF2FC1-7B97-4B92-80AB-CE8AA963EC3A}.Release|Any CPU.ActiveCfg = Release|Any CPU
		{13CF2FC1-7B97-4B92-80AB-CE8AA963EC3A}.Release|Any CPU.Build.0 = Release|Any CPU
		{13CF2FC1-7B97-4B92-80AB-CE8AA963EC3A}.Release|Any CPU.Deploy.0 = Release|Any CPU
		{13CF2FC1-7B97-4B92-80AB-CE8AA963EC3A}.Release|iPhone.ActiveCfg = Release|Any CPU
		{13CF2FC1-7B97-4B92-80AB-CE8AA963EC3A}.Release|iPhone.Build.0 = Release|Any CPU
		{13CF2FC1-7B97-4B92-80AB-CE8AA963EC3A}.Release|iPhone.Deploy.0 = Release|Any CPU
		{13CF2FC1-7B97-4B92-80AB-CE8AA963EC3A}.Release|iPhoneSimulator.ActiveCfg = Release|Any CPU
		{13CF2FC1-7B97-4B92-80AB-CE8AA963EC3A}.Release|iPhoneSimulator.Build.0 = Release|Any CPU
		{13CF2FC1-7B97-4B92-80AB-CE8AA963EC3A}.Release|iPhoneSimulator.Deploy.0 = Release|Any CPU
	EndGlobalSection
	GlobalSection(SolutionProperties) = preSolution
		HideSolutionNode = FALSE
	EndGlobalSection
	GlobalSection(ExtensibilityGlobals) = postSolution
		SolutionGuid = {C1C52D2A-2868-4972-8E87-D4479E33F1B6}
	EndGlobalSection
EndGlobal
