
Microsoft Visual Studio Solution File, Format Version 12.00
# Visual Studio 15
VisualStudioVersion = 15.0.28010.2016
MinimumVisualStudioVersion = 10.0.40219.1
Project("{FAE04EC0-301F-11D3-BF4B-00C04F79EFBC}") = "CalculatorApp.Android", "CalculatorApp\CalculatorApp.Android\CalculatorApp.Android.csproj", "{B297CA52-803F-4C3E-9398-5414E4F100F3}"
EndProject
Project("{FAE04EC0-301F-11D3-BF4B-00C04F79EFBC}") = "CalculatorApp", "CalculatorApp\CalculatorApp\CalculatorApp.csproj", "{3531620D-4BDE-4CEF-AC98-87FB89DD666D}"
EndProject
Project("{2150E333-8FDC-42A3-9474-1A3956D46DE8}") = "Testing", "Testing", "{38DE4655-0A69-4269-B37D-AD082130C3EF}"
EndProject
Project("{FAE04EC0-301F-11D3-BF4B-00C04F79EFBC}") = "Calculator.UITest", "Calculator.UITest\Calculator.UITest.csproj", "{B19C892E-2628-4CA7-AD27-08D406A3B14B}"
EndProject
Global
	GlobalSection(SolutionConfigurationPlatforms) = preSolution
		Debug|Any CPU = Debug|Any CPU
		Release|Any CPU = Release|Any CPU
	EndGlobalSection
	GlobalSection(ProjectConfigurationPlatforms) = postSolution
		{B297CA52-803F-4C3E-9398-5414E4F100F3}.Debug|Any CPU.ActiveCfg = Debug|Any CPU
		{B297CA52-803F-4C3E-9398-5414E4F100F3}.Debug|Any CPU.Build.0 = Debug|Any CPU
		{B297CA52-803F-4C3E-9398-5414E4F100F3}.Debug|Any CPU.Deploy.0 = Debug|Any CPU
		{B297CA52-803F-4C3E-9398-5414E4F100F3}.Release|Any CPU.ActiveCfg = Release|Any CPU
		{B297CA52-803F-4C3E-9398-5414E4F100F3}.Release|Any CPU.Build.0 = Release|Any CPU
		{B297CA52-803F-4C3E-9398-5414E4F100F3}.Release|Any CPU.Deploy.0 = Release|Any CPU
		{3531620D-4BDE-4CEF-AC98-87FB89DD666D}.Debug|Any CPU.ActiveCfg = Debug|Any CPU
		{3531620D-4BDE-4CEF-AC98-87FB89DD666D}.Debug|Any CPU.Build.0 = Debug|Any CPU
		{3531620D-4BDE-4CEF-AC98-87FB89DD666D}.Debug|Any CPU.Deploy.0 = Debug|Any CPU
		{3531620D-4BDE-4CEF-AC98-87FB89DD666D}.Release|Any CPU.ActiveCfg = Release|Any CPU
		{3531620D-4BDE-4CEF-AC98-87FB89DD666D}.Release|Any CPU.Build.0 = Release|Any CPU
		{3531620D-4BDE-4CEF-AC98-87FB89DD666D}.Release|Any CPU.Deploy.0 = Release|Any CPU
		{B19C892E-2628-4CA7-AD27-08D406A3B14B}.Debug|Any CPU.ActiveCfg = Debug|Any CPU
		{B19C892E-2628-4CA7-AD27-08D406A3B14B}.Debug|Any CPU.Build.0 = Debug|Any CPU
		{B19C892E-2628-4CA7-AD27-08D406A3B14B}.Release|Any CPU.ActiveCfg = Release|Any CPU
		{B19C892E-2628-4CA7-AD27-08D406A3B14B}.Release|Any CPU.Build.0 = Release|Any CPU
	EndGlobalSection
	GlobalSection(SolutionProperties) = preSolution
		HideSolutionNode = FALSE
	EndGlobalSection
	GlobalSection(NestedProjects) = preSolution
		{B19C892E-2628-4CA7-AD27-08D406A3B14B} = {38DE4655-0A69-4269-B37D-AD082130C3EF}
	EndGlobalSection
	GlobalSection(ExtensibilityGlobals) = postSolution
		SolutionGuid = {095B9314-4F09-4DBA-B80C-2245CC5DEA65}
	EndGlobalSection
EndGlobal
