
Microsoft Visual Studio Solution File, Format Version 12.00
# Visual Studio 15
VisualStudioVersion = 15.0.28010.2003
MinimumVisualStudioVersion = 10.0.40219.1
Project("{FAE04EC0-301F-11D3-BF4B-00C04F79EFBC}") = "ConferenceSessionsClient.Android", "ConferenceSessionsClient\ConferenceSessionsClient.Android\ConferenceSessionsClient.Android.csproj", "{10117A20-30F8-41CB-9CF4-317A14A46C96}"
EndProject
Project("{9A19103F-16F7-4668-BE54-9A1E7A4F7556}") = "ConferenceSessionsClient", "ConferenceSessionsClient\ConferenceSessionsClient\ConferenceSessionsClient.csproj", "{0352607E-A329-4FA1-B97C-5A467FF2ED64}"
EndProject
Global
	GlobalSection(SolutionConfigurationPlatforms) = preSolution
		Ad-Hoc|Any CPU = Ad-Hoc|Any CPU
		Ad-Hoc|iPhone = Ad-Hoc|iPhone
		Ad-Hoc|iPhoneSimulator = Ad-Hoc|iPhoneSimulator
		AppStore|Any CPU = AppStore|Any CPU
		AppStore|iPhone = AppStore|iPhone
		AppStore|iPhoneSimulator = AppStore|iPhoneSimulator
		Debug|Any CPU = Debug|Any CPU
		Debug|iPhone = Debug|iPhone
		Debug|iPhoneSimulator = Debug|iPhoneSimulator
		Release|Any CPU = Release|Any CPU
		Release|iPhone = Release|iPhone
		Release|iPhoneSimulator = Release|iPhoneSimulator
	EndGlobalSection
	GlobalSection(ProjectConfigurationPlatforms) = postSolution
		{10117A20-30F8-41CB-9CF4-317A14A46C96}.Ad-Hoc|Any CPU.ActiveCfg = Release|Any CPU
		{10117A20-30F8-41CB-9CF4-317A14A46C96}.Ad-Hoc|Any CPU.Build.0 = Release|Any CPU
		{10117A20-30F8-41CB-9CF4-317A14A46C96}.Ad-Hoc|Any CPU.Deploy.0 = Release|Any CPU
		{10117A20-30F8-41CB-9CF4-317A14A46C96}.Ad-Hoc|iPhone.ActiveCfg = Release|Any CPU
		{10117A20-30F8-41CB-9CF4-317A14A46C96}.Ad-Hoc|iPhone.Build.0 = Release|Any CPU
		{10117A20-30F8-41CB-9CF4-317A14A46C96}.Ad-Hoc|iPhone.Deploy.0 = Release|Any CPU
		{10117A20-30F8-41CB-9CF4-317A14A46C96}.Ad-Hoc|iPhoneSimulator.ActiveCfg = Release|Any CPU
		{10117A20-30F8-41CB-9CF4-317A14A46C96}.Ad-Hoc|iPhoneSimulator.Build.0 = Release|Any CPU
		{10117A20-30F8-41CB-9CF4-317A14A46C96}.Ad-Hoc|iPhoneSimulator.Deploy.0 = Release|Any CPU
		{10117A20-30F8-41CB-9CF4-317A14A46C96}.AppStore|Any CPU.ActiveCfg = Release|Any CPU
		{10117A20-30F8-41CB-9CF4-317A14A46C96}.AppStore|Any CPU.Build.0 = Release|Any CPU
		{10117A20-30F8-41CB-9CF4-317A14A46C96}.AppStore|Any CPU.Deploy.0 = Release|Any CPU
		{10117A20-30F8-41CB-9CF4-317A14A46C96}.AppStore|iPhone.ActiveCfg = Release|Any CPU
		{10117A20-30F8-41CB-9CF4-317A14A46C96}.AppStore|iPhone.Build.0 = Release|Any CPU
		{10117A20-30F8-41CB-9CF4-317A14A46C96}.AppStore|iPhone.Deploy.0 = Release|Any CPU
		{10117A20-30F8-41CB-9CF4-317A14A46C96}.AppStore|iPhoneSimulator.ActiveCfg = Release|Any CPU
		{10117A20-30F8-41CB-9CF4-317A14A46C96}.AppStore|iPhoneSimulator.Build.0 = Release|Any CPU
		{10117A20-30F8-41CB-9CF4-317A14A46C96}.AppStore|iPhoneSimulator.Deploy.0 = Release|Any CPU
		{10117A20-30F8-41CB-9CF4-317A14A46C96}.Debug|Any CPU.ActiveCfg = Debug|Any CPU
		{10117A20-30F8-41CB-9CF4-317A14A46C96}.Debug|Any CPU.Build.0 = Debug|Any CPU
		{10117A20-30F8-41CB-9CF4-317A14A46C96}.Debug|Any CPU.Deploy.0 = Debug|Any CPU
		{10117A20-30F8-41CB-9CF4-317A14A46C96}.Debug|iPhone.ActiveCfg = Debug|Any CPU
		{10117A20-30F8-41CB-9CF4-317A14A46C96}.Debug|iPhone.Build.0 = Debug|Any CPU
		{10117A20-30F8-41CB-9CF4-317A14A46C96}.Debug|iPhone.Deploy.0 = Debug|Any CPU
		{10117A20-30F8-41CB-9CF4-317A14A46C96}.Debug|iPhoneSimulator.ActiveCfg = Debug|Any CPU
		{10117A20-30F8-41CB-9CF4-317A14A46C96}.Debug|iPhoneSimulator.Build.0 = Debug|Any CPU
		{10117A20-30F8-41CB-9CF4-317A14A46C96}.Debug|iPhoneSimulator.Deploy.0 = Debug|Any CPU
		{10117A20-30F8-41CB-9CF4-317A14A46C96}.Release|Any CPU.ActiveCfg = Release|Any CPU
		{10117A20-30F8-41CB-9CF4-317A14A46C96}.Release|Any CPU.Build.0 = Release|Any CPU
		{10117A20-30F8-41CB-9CF4-317A14A46C96}.Release|Any CPU.Deploy.0 = Release|Any CPU
		{10117A20-30F8-41CB-9CF4-317A14A46C96}.Release|iPhone.ActiveCfg = Release|Any CPU
		{10117A20-30F8-41CB-9CF4-317A14A46C96}.Release|iPhone.Build.0 = Release|Any CPU
		{10117A20-30F8-41CB-9CF4-317A14A46C96}.Release|iPhone.Deploy.0 = Release|Any CPU
		{10117A20-30F8-41CB-9CF4-317A14A46C96}.Release|iPhoneSimulator.ActiveCfg = Release|Any CPU
		{10117A20-30F8-41CB-9CF4-317A14A46C96}.Release|iPhoneSimulator.Build.0 = Release|Any CPU
		{10117A20-30F8-41CB-9CF4-317A14A46C96}.Release|iPhoneSimulator.Deploy.0 = Release|Any CPU
		{0352607E-A329-4FA1-B97C-5A467FF2ED64}.Ad-Hoc|Any CPU.ActiveCfg = Debug|Any CPU
		{0352607E-A329-4FA1-B97C-5A467FF2ED64}.Ad-Hoc|Any CPU.Build.0 = Debug|Any CPU
		{0352607E-A329-4FA1-B97C-5A467FF2ED64}.Ad-Hoc|Any CPU.Deploy.0 = Debug|Any CPU
		{0352607E-A329-4FA1-B97C-5A467FF2ED64}.Ad-Hoc|iPhone.ActiveCfg = Debug|Any CPU
		{0352607E-A329-4FA1-B97C-5A467FF2ED64}.Ad-Hoc|iPhone.Build.0 = Debug|Any CPU
		{0352607E-A329-4FA1-B97C-5A467FF2ED64}.Ad-Hoc|iPhone.Deploy.0 = Debug|Any CPU
		{0352607E-A329-4FA1-B97C-5A467FF2ED64}.Ad-Hoc|iPhoneSimulator.ActiveCfg = Debug|Any CPU
		{0352607E-A329-4FA1-B97C-5A467FF2ED64}.Ad-Hoc|iPhoneSimulator.Build.0 = Debug|Any CPU
		{0352607E-A329-4FA1-B97C-5A467FF2ED64}.Ad-Hoc|iPhoneSimulator.Deploy.0 = Debug|Any CPU
		{0352607E-A329-4FA1-B97C-5A467FF2ED64}.AppStore|Any CPU.ActiveCfg = Debug|Any CPU
		{0352607E-A329-4FA1-B97C-5A467FF2ED64}.AppStore|Any CPU.Build.0 = Debug|Any CPU
		{0352607E-A329-4FA1-B97C-5A467FF2ED64}.AppStore|Any CPU.Deploy.0 = Debug|Any CPU
		{0352607E-A329-4FA1-B97C-5A467FF2ED64}.AppStore|iPhone.ActiveCfg = Debug|Any CPU
		{0352607E-A329-4FA1-B97C-5A467FF2ED64}.AppStore|iPhone.Build.0 = Debug|Any CPU
		{0352607E-A329-4FA1-B97C-5A467FF2ED64}.AppStore|iPhone.Deploy.0 = Debug|Any CPU
		{0352607E-A329-4FA1-B97C-5A467FF2ED64}.AppStore|iPhoneSimulator.ActiveCfg = Debug|Any CPU
		{0352607E-A329-4FA1-B97C-5A467FF2ED64}.AppStore|iPhoneSimulator.Build.0 = Debug|Any CPU
		{0352607E-A329-4FA1-B97C-5A467FF2ED64}.AppStore|iPhoneSimulator.Deploy.0 = Debug|Any CPU
		{0352607E-A329-4FA1-B97C-5A467FF2ED64}.Debug|Any CPU.ActiveCfg = Debug|Any CPU
		{0352607E-A329-4FA1-B97C-5A467FF2ED64}.Debug|Any CPU.Build.0 = Debug|Any CPU
		{0352607E-A329-4FA1-B97C-5A467FF2ED64}.Debug|Any CPU.Deploy.0 = Debug|Any CPU
		{0352607E-A329-4FA1-B97C-5A467FF2ED64}.Debug|iPhone.ActiveCfg = Debug|Any CPU
		{0352607E-A329-4FA1-B97C-5A467FF2ED64}.Debug|iPhone.Build.0 = Debug|Any CPU
		{0352607E-A329-4FA1-B97C-5A467FF2ED64}.Debug|iPhone.Deploy.0 = Debug|Any CPU
		{0352607E-A329-4FA1-B97C-5A467FF2ED64}.Debug|iPhoneSimulator.ActiveCfg = Debug|Any CPU
		{0352607E-A329-4FA1-B97C-5A467FF2ED64}.Debug|iPhoneSimulator.Build.0 = Debug|Any CPU
		{0352607E-A329-4FA1-B97C-5A467FF2ED64}.Debug|iPhoneSimulator.Deploy.0 = Debug|Any CPU
		{0352607E-A329-4FA1-B97C-5A467FF2ED64}.Release|Any CPU.ActiveCfg = Release|Any CPU
		{0352607E-A329-4FA1-B97C-5A467FF2ED64}.Release|Any CPU.Build.0 = Release|Any CPU
		{0352607E-A329-4FA1-B97C-5A467FF2ED64}.Release|Any CPU.Deploy.0 = Release|Any CPU
		{0352607E-A329-4FA1-B97C-5A467FF2ED64}.Release|iPhone.ActiveCfg = Release|Any CPU
		{0352607E-A329-4FA1-B97C-5A467FF2ED64}.Release|iPhone.Build.0 = Release|Any CPU
		{0352607E-A329-4FA1-B97C-5A467FF2ED64}.Release|iPhone.Deploy.0 = Release|Any CPU
		{0352607E-A329-4FA1-B97C-5A467FF2ED64}.Release|iPhoneSimulator.ActiveCfg = Release|Any CPU
		{0352607E-A329-4FA1-B97C-5A467FF2ED64}.Release|iPhoneSimulator.Build.0 = Release|Any CPU
		{0352607E-A329-4FA1-B97C-5A467FF2ED64}.Release|iPhoneSimulator.Deploy.0 = Release|Any CPU
	EndGlobalSection
	GlobalSection(SolutionProperties) = preSolution
		HideSolutionNode = FALSE
	EndGlobalSection
	GlobalSection(ExtensibilityGlobals) = postSolution
		SolutionGuid = {AEC69B64-D2DC-43B4-B3D3-1AE0E3165910}
	EndGlobalSection
EndGlobal
